
Microsoft Visual Studio Solution File, Format Version 11.00
# Visual Studio 2010
Project("{FAE04EC0-301F-11D3-BF4B-00C04F79EFBC}") = "Skight.Demo.Domain", "Skight.Demo.Domain\Skight.Demo.Domain.csproj", "{6D663413-8A85-488D-84DB-E1CA9C6CF995}"
EndProject
Project("{FAE04EC0-301F-11D3-BF4B-00C04F79EFBC}") = "Skight.Demo.NHRepository", "Skight.Demo.NHRepository\Skight.Demo.NHRepository.csproj", "{B3F08926-F60E-4061-907E-3FF9520EC993}"
EndProject
Project("{2150E333-8FDC-42A3-9474-1A3956D46DE8}") = "3rdParty", "3rdParty", "{18C05EB7-658F-4230-B222-B9BE866ADE39}"
EndProject
Project("{2150E333-8FDC-42A3-9474-1A3956D46DE8}") = "Solution Items", "Solution Items", "{80392ACC-252D-4615-9A31-03D2F4DBEA42}"
	ProjectSection(SolutionItems) = preProject
		ReadMe.txt = ReadMe.txt
	EndProjectSection
EndProject
Project("{FAE04EC0-301F-11D3-BF4B-00C04F79EFBC}") = "Skight.Demo.NHRepository.Tests", "Skight.Demo.NHRepository.Tests\Skight.Demo.NHRepository.Tests.csproj", "{F8C80C82-7BAE-4591-A352-730528A7EF3D}"
EndProject
Global
	GlobalSection(SolutionConfigurationPlatforms) = preSolution
		Debug|Any CPU = Debug|Any CPU
		Release|Any CPU = Release|Any CPU
	EndGlobalSection
	GlobalSection(ProjectConfigurationPlatforms) = postSolution
		{6D663413-8A85-488D-84DB-E1CA9C6CF995}.Debug|Any CPU.ActiveCfg = Debug|Any CPU
		{6D663413-8A85-488D-84DB-E1CA9C6CF995}.Debug|Any CPU.Build.0 = Debug|Any CPU
		{6D663413-8A85-488D-84DB-E1CA9C6CF995}.Release|Any CPU.ActiveCfg = Release|Any CPU
		{6D663413-8A85-488D-84DB-E1CA9C6CF995}.Release|Any CPU.Build.0 = Release|Any CPU
		{B3F08926-F60E-4061-907E-3FF9520EC993}.Debug|Any CPU.ActiveCfg = Debug|Any CPU
		{B3F08926-F60E-4061-907E-3FF9520EC993}.Debug|Any CPU.Build.0 = Debug|Any CPU
		{B3F08926-F60E-4061-907E-3FF9520EC993}.Release|Any CPU.ActiveCfg = Release|Any CPU
		{B3F08926-F60E-4061-907E-3FF9520EC993}.Release|Any CPU.Build.0 = Release|Any CPU
		{F8C80C82-7BAE-4591-A352-730528A7EF3D}.Debug|Any CPU.ActiveCfg = Debug|Any CPU
		{F8C80C82-7BAE-4591-A352-730528A7EF3D}.Debug|Any CPU.Build.0 = Debug|Any CPU
		{F8C80C82-7BAE-4591-A352-730528A7EF3D}.Release|Any CPU.ActiveCfg = Release|Any CPU
		{F8C80C82-7BAE-4591-A352-730528A7EF3D}.Release|Any CPU.Build.0 = Release|Any CPU
	EndGlobalSection
	GlobalSection(SolutionProperties) = preSolution
		HideSolutionNode = FALSE
	EndGlobalSection
EndGlobal
